
Microsoft Visual Studio Solution File, Format Version 12.00
# Visual Studio 15
VisualStudioVersion = 15.0.28307.489
MinimumVisualStudioVersion = 10.0.40219.1
Project("{FAE04EC0-301F-11D3-BF4B-00C04F79EFBC}") = "taskmanager", "taskmanager\taskmanager.csproj", "{6F4C955B-B062-4F1D-9405-CA361AB5245A}"
EndProject
Global
	GlobalSection(SolutionConfigurationPlatforms) = preSolution
		Debug|Any CPU = Debug|Any CPU
		Release|Any CPU = Release|Any CPU
	EndGlobalSection
	GlobalSection(ProjectConfigurationPlatforms) = postSolution
		{6F4C955B-B062-4F1D-9405-CA361AB5245A}.Debug|Any CPU.ActiveCfg = Debug|Any CPU
		{6F4C955B-B062-4F1D-9405-CA361AB5245A}.Debug|Any CPU.Build.0 = Debug|Any CPU
		{6F4C955B-B062-4F1D-9405-CA361AB5245A}.Release|Any CPU.ActiveCfg = Release|Any CPU
		{6F4C955B-B062-4F1D-9405-CA361AB5245A}.Release|Any CPU.Build.0 = Release|Any CPU
	EndGlobalSection
	GlobalSection(SolutionProperties) = preSolution
		HideSolutionNode = FALSE
	EndGlobalSection
	GlobalSection(ExtensibilityGlobals) = postSolution
		SolutionGuid = {190673FF-880E-4521-856F-451FE0D66BAD}
	EndGlobalSection
EndGlobal
